
Microsoft Visual Studio Solution File, Format Version 12.00
# Visual Studio Version 17
VisualStudioVersion = 17.12.35707.178
MinimumVisualStudioVersion = 10.0.40219.1
Project("{FAE04EC0-301F-11D3-BF4B-00C04F79EFBC}") = "CommonLib", "Common\CommonLib\CommonLib.csproj", "{B3CE634B-320B-4607-9BF1-392864E9F706}"
EndProject
Project("{FAE04EC0-301F-11D3-BF4B-00C04F79EFBC}") = "CommonLibTests", "Common\CommonLibTests\CommonLibTests.csproj", "{F9A9827A-DD97-448E-AF4C-1DC2855455A3}"
EndProject
Project("{2150E333-8FDC-42A3-9474-1A3956D46DE8}") = ".SOLUTION", ".SOLUTION", "{EBEA2928-281A-4BE4-A7C4-E98B1F1F2411}"
	ProjectSection(SolutionItems) = preProject
		LICENSE = LICENSE
		README.md = README.md
	EndProjectSection
EndProject
Project("{2150E333-8FDC-42A3-9474-1A3956D46DE8}") = "Common", "Common", "{20D14683-FFEE-409A-AA10-18CCA9B61192}"
	ProjectSection(SolutionItems) = preProject
		Common\README.md = Common\README.md
	EndProjectSection
EndProject
Project("{2150E333-8FDC-42A3-9474-1A3956D46DE8}") = "Mail", "Mail", "{3F999A12-ADD0-464F-9D92-F51DF9D2D255}"
EndProject
Project("{2150E333-8FDC-42A3-9474-1A3956D46DE8}") = "OData", "OData", "{16DB54F8-E226-47EB-9229-CA8F34396232}"
EndProject
Project("{2150E333-8FDC-42A3-9474-1A3956D46DE8}") = "Testing", "Testing", "{6D52368F-1619-4285-87C5-8DE558E7F668}"
EndProject
Project("{FAE04EC0-301F-11D3-BF4B-00C04F79EFBC}") = "ODataLib", "OData\ODataLib\ODataLib.csproj", "{F016CFF1-1B7A-4FC1-8167-BF09B6880509}"
EndProject
Project("{FAE04EC0-301F-11D3-BF4B-00C04F79EFBC}") = "ODataLibTests", "OData\ODataLibTests\ODataLibTests.csproj", "{4B88264B-554D-465D-BAE2-78E8A43887A1}"
	ProjectSection(ProjectDependencies) = postProject
		{F016CFF1-1B7A-4FC1-8167-BF09B6880509} = {F016CFF1-1B7A-4FC1-8167-BF09B6880509}
	EndProjectSection
EndProject
Project("{2150E333-8FDC-42A3-9474-1A3956D46DE8}") = "Demos", "Demos", "{84F1D7E1-C4BB-4877-BE43-30897B850EA8}"
EndProject
Project("{FAE04EC0-301F-11D3-BF4B-00C04F79EFBC}") = "ODataFilterParserDemo", "OData\Demos\ODataFilterParserDemo\ODataFilterParserDemo.csproj", "{D330B8A6-426F-4347-89CB-E959F4A17264}"
EndProject
Project("{FAE04EC0-301F-11D3-BF4B-00C04F79EFBC}") = "ODataSampleModels", "OData\Samples\ODataSampleModels\ODataSampleModels.csproj", "{B7A01259-99F3-4F42-BAE2-62176D7B0490}"
EndProject
Project("{FAE04EC0-301F-11D3-BF4B-00C04F79EFBC}") = "ODataFilterValidatorDemo", "OData\Demos\ODataFilterValidatorDemo\ODataFilterValidatorDemo.csproj", "{7B7E4099-C478-40AC-A305-D9F3BA334822}"
EndProject
Project("{2150E333-8FDC-42A3-9474-1A3956D46DE8}") = "Samples", "Samples", "{86AC0F17-8533-43BE-823D-ED59231CEE39}"
EndProject
Project("{FAE04EC0-301F-11D3-BF4B-00C04F79EFBC}") = "MailLib", "Mail\MailLib\MailLib.csproj", "{32EE081F-4B02-4BA5-B653-75E7E95FAAB0}"
EndProject
Project("{FAE04EC0-301F-11D3-BF4B-00C04F79EFBC}") = "MailLibTests", "Mail\MailLibTests\MailLibTests.csproj", "{2EF0A86C-E169-4B1E-8C82-F19B36E8F3DF}"
EndProject
Project("{2150E333-8FDC-42A3-9474-1A3956D46DE8}") = "Security", "Security", "{F0FEBCD2-3313-4669-8B1E-CC44B31FDC48}"
EndProject
Project("{FAE04EC0-301F-11D3-BF4B-00C04F79EFBC}") = "SecurityLib", "Security\SecurityLib\SecurityLib.csproj", "{B22C1938-9B06-4A8B-9CE7-AB0BB0257282}"
EndProject
Project("{FAE04EC0-301F-11D3-BF4B-00C04F79EFBC}") = "SecurityLibTests", "Security\SecurityLibTests\SecurityLibTests.csproj", "{2B0CD615-4EE8-4B90-8023-D1FB127E1277}"
EndProject
Project("{2150E333-8FDC-42A3-9474-1A3956D46DE8}") = "DOCUMENTATION", "DOCUMENTATION", "{2D1821E6-44B9-47CE-9B75-2EA63B821100}"
EndProject
Project("{7CF6DF6D-3B04-46F8-A40B-537D21BCA0B4}") = "DotNetExtrasHelp", "DOCUMENTATION\DotNetExtrasHelp.shfbproj", "{EB6F1DC6-030C-4527-877E-73D430C60FF4}"
	ProjectSection(ProjectDependencies) = postProject
		{066A6F91-1C87-43F1-A9FC-2A86B01346EE} = {066A6F91-1C87-43F1-A9FC-2A86B01346EE}
		{32EE081F-4B02-4BA5-B653-75E7E95FAAB0} = {32EE081F-4B02-4BA5-B653-75E7E95FAAB0}
		{B22C1938-9B06-4A8B-9CE7-AB0BB0257282} = {B22C1938-9B06-4A8B-9CE7-AB0BB0257282}
		{B3CE634B-320B-4607-9BF1-392864E9F706} = {B3CE634B-320B-4607-9BF1-392864E9F706}
		{B53096FB-20BF-4006-859F-30D8282EF983} = {B53096FB-20BF-4006-859F-30D8282EF983}
		{F016CFF1-1B7A-4FC1-8167-BF09B6880509} = {F016CFF1-1B7A-4FC1-8167-BF09B6880509}
	EndProjectSection
EndProject
Project("{FAE04EC0-301F-11D3-BF4B-00C04F79EFBC}") = "TestingLib", "Testing\TestingLib\TestingLib.csproj", "{B53096FB-20BF-4006-859F-30D8282EF983}"
EndProject
Project("{FAE04EC0-301F-11D3-BF4B-00C04F79EFBC}") = "TestingLibTests", "Testing\TestingLibTests\TestingLibTests.csproj", "{0462040E-559F-4B03-B830-FCCD3D03A8DB}"
EndProject
Project("{2150E333-8FDC-42A3-9474-1A3956D46DE8}") = "Web", "Web", "{42614802-DEE0-4A71-BF09-FD40773085B3}"
EndProject
Project("{FAE04EC0-301F-11D3-BF4B-00C04F79EFBC}") = "WebClientLib", "Web\WebClientLib\WebClientLib.csproj", "{066A6F91-1C87-43F1-A9FC-2A86B01346EE}"
EndProject
Project("{FAE04EC0-301F-11D3-BF4B-00C04F79EFBC}") = "WebClientLibTests", "Web\WebClientLibTests\WebClientLibTests.csproj", "{448BD1A9-8EF2-48D7-8233-CC7130076F1C}"
EndProject
Global
	GlobalSection(SolutionConfigurationPlatforms) = preSolution
		Debug|Any CPU = Debug|Any CPU
		Release|Any CPU = Release|Any CPU
	EndGlobalSection
	GlobalSection(ProjectConfigurationPlatforms) = postSolution
		{B3CE634B-320B-4607-9BF1-392864E9F706}.Debug|Any CPU.ActiveCfg = Debug|Any CPU
		{B3CE634B-320B-4607-9BF1-392864E9F706}.Debug|Any CPU.Build.0 = Debug|Any CPU
		{B3CE634B-320B-4607-9BF1-392864E9F706}.Release|Any CPU.ActiveCfg = Release|Any CPU
		{B3CE634B-320B-4607-9BF1-392864E9F706}.Release|Any CPU.Build.0 = Release|Any CPU
		{F9A9827A-DD97-448E-AF4C-1DC2855455A3}.Debug|Any CPU.ActiveCfg = Debug|Any CPU
		{F9A9827A-DD97-448E-AF4C-1DC2855455A3}.Debug|Any CPU.Build.0 = Debug|Any CPU
		{F9A9827A-DD97-448E-AF4C-1DC2855455A3}.Release|Any CPU.ActiveCfg = Release|Any CPU
		{F9A9827A-DD97-448E-AF4C-1DC2855455A3}.Release|Any CPU.Build.0 = Release|Any CPU
		{F016CFF1-1B7A-4FC1-8167-BF09B6880509}.Debug|Any CPU.ActiveCfg = Debug|Any CPU
		{F016CFF1-1B7A-4FC1-8167-BF09B6880509}.Debug|Any CPU.Build.0 = Debug|Any CPU
		{F016CFF1-1B7A-4FC1-8167-BF09B6880509}.Release|Any CPU.ActiveCfg = Release|Any CPU
		{F016CFF1-1B7A-4FC1-8167-BF09B6880509}.Release|Any CPU.Build.0 = Release|Any CPU
		{4B88264B-554D-465D-BAE2-78E8A43887A1}.Debug|Any CPU.ActiveCfg = Debug|Any CPU
		{4B88264B-554D-465D-BAE2-78E8A43887A1}.Debug|Any CPU.Build.0 = Debug|Any CPU
		{4B88264B-554D-465D-BAE2-78E8A43887A1}.Release|Any CPU.ActiveCfg = Release|Any CPU
		{4B88264B-554D-465D-BAE2-78E8A43887A1}.Release|Any CPU.Build.0 = Release|Any CPU
		{D330B8A6-426F-4347-89CB-E959F4A17264}.Debug|Any CPU.ActiveCfg = Debug|Any CPU
		{D330B8A6-426F-4347-89CB-E959F4A17264}.Debug|Any CPU.Build.0 = Debug|Any CPU
		{D330B8A6-426F-4347-89CB-E959F4A17264}.Release|Any CPU.ActiveCfg = Release|Any CPU
		{D330B8A6-426F-4347-89CB-E959F4A17264}.Release|Any CPU.Build.0 = Release|Any CPU
		{B7A01259-99F3-4F42-BAE2-62176D7B0490}.Debug|Any CPU.ActiveCfg = Debug|Any CPU
		{B7A01259-99F3-4F42-BAE2-62176D7B0490}.Debug|Any CPU.Build.0 = Debug|Any CPU
		{B7A01259-99F3-4F42-BAE2-62176D7B0490}.Release|Any CPU.ActiveCfg = Release|Any CPU
		{B7A01259-99F3-4F42-BAE2-62176D7B0490}.Release|Any CPU.Build.0 = Release|Any CPU
		{7B7E4099-C478-40AC-A305-D9F3BA334822}.Debug|Any CPU.ActiveCfg = Debug|Any CPU
		{7B7E4099-C478-40AC-A305-D9F3BA334822}.Debug|Any CPU.Build.0 = Debug|Any CPU
		{7B7E4099-C478-40AC-A305-D9F3BA334822}.Release|Any CPU.ActiveCfg = Release|Any CPU
		{7B7E4099-C478-40AC-A305-D9F3BA334822}.Release|Any CPU.Build.0 = Release|Any CPU
		{32EE081F-4B02-4BA5-B653-75E7E95FAAB0}.Debug|Any CPU.ActiveCfg = Debug|Any CPU
		{32EE081F-4B02-4BA5-B653-75E7E95FAAB0}.Debug|Any CPU.Build.0 = Debug|Any CPU
		{32EE081F-4B02-4BA5-B653-75E7E95FAAB0}.Release|Any CPU.ActiveCfg = Release|Any CPU
		{32EE081F-4B02-4BA5-B653-75E7E95FAAB0}.Release|Any CPU.Build.0 = Release|Any CPU
		{2EF0A86C-E169-4B1E-8C82-F19B36E8F3DF}.Debug|Any CPU.ActiveCfg = Debug|Any CPU
		{2EF0A86C-E169-4B1E-8C82-F19B36E8F3DF}.Debug|Any CPU.Build.0 = Debug|Any CPU
		{2EF0A86C-E169-4B1E-8C82-F19B36E8F3DF}.Release|Any CPU.ActiveCfg = Release|Any CPU
		{2EF0A86C-E169-4B1E-8C82-F19B36E8F3DF}.Release|Any CPU.Build.0 = Release|Any CPU
		{B22C1938-9B06-4A8B-9CE7-AB0BB0257282}.Debug|Any CPU.ActiveCfg = Debug|Any CPU
		{B22C1938-9B06-4A8B-9CE7-AB0BB0257282}.Debug|Any CPU.Build.0 = Debug|Any CPU
		{B22C1938-9B06-4A8B-9CE7-AB0BB0257282}.Release|Any CPU.ActiveCfg = Release|Any CPU
		{B22C1938-9B06-4A8B-9CE7-AB0BB0257282}.Release|Any CPU.Build.0 = Release|Any CPU
		{2B0CD615-4EE8-4B90-8023-D1FB127E1277}.Debug|Any CPU.ActiveCfg = Debug|Any CPU
		{2B0CD615-4EE8-4B90-8023-D1FB127E1277}.Debug|Any CPU.Build.0 = Debug|Any CPU
		{2B0CD615-4EE8-4B90-8023-D1FB127E1277}.Release|Any CPU.ActiveCfg = Release|Any CPU
		{2B0CD615-4EE8-4B90-8023-D1FB127E1277}.Release|Any CPU.Build.0 = Release|Any CPU
		{EB6F1DC6-030C-4527-877E-73D430C60FF4}.Debug|Any CPU.ActiveCfg = Debug|Any CPU
		{EB6F1DC6-030C-4527-877E-73D430C60FF4}.Release|Any CPU.ActiveCfg = Release|Any CPU
		{EB6F1DC6-030C-4527-877E-73D430C60FF4}.Release|Any CPU.Build.0 = Release|Any CPU
		{B53096FB-20BF-4006-859F-30D8282EF983}.Debug|Any CPU.ActiveCfg = Debug|Any CPU
		{B53096FB-20BF-4006-859F-30D8282EF983}.Debug|Any CPU.Build.0 = Debug|Any CPU
		{B53096FB-20BF-4006-859F-30D8282EF983}.Release|Any CPU.ActiveCfg = Release|Any CPU
		{B53096FB-20BF-4006-859F-30D8282EF983}.Release|Any CPU.Build.0 = Release|Any CPU
		{0462040E-559F-4B03-B830-FCCD3D03A8DB}.Debug|Any CPU.ActiveCfg = Debug|Any CPU
		{0462040E-559F-4B03-B830-FCCD3D03A8DB}.Debug|Any CPU.Build.0 = Debug|Any CPU
		{0462040E-559F-4B03-B830-FCCD3D03A8DB}.Release|Any CPU.ActiveCfg = Release|Any CPU
		{0462040E-559F-4B03-B830-FCCD3D03A8DB}.Release|Any CPU.Build.0 = Release|Any CPU
		{066A6F91-1C87-43F1-A9FC-2A86B01346EE}.Debug|Any CPU.ActiveCfg = Debug|Any CPU
		{066A6F91-1C87-43F1-A9FC-2A86B01346EE}.Debug|Any CPU.Build.0 = Debug|Any CPU
		{066A6F91-1C87-43F1-A9FC-2A86B01346EE}.Release|Any CPU.ActiveCfg = Release|Any CPU
		{066A6F91-1C87-43F1-A9FC-2A86B01346EE}.Release|Any CPU.Build.0 = Release|Any CPU
		{448BD1A9-8EF2-48D7-8233-CC7130076F1C}.Debug|Any CPU.ActiveCfg = Debug|Any CPU
		{448BD1A9-8EF2-48D7-8233-CC7130076F1C}.Debug|Any CPU.Build.0 = Debug|Any CPU
		{448BD1A9-8EF2-48D7-8233-CC7130076F1C}.Release|Any CPU.ActiveCfg = Release|Any CPU
		{448BD1A9-8EF2-48D7-8233-CC7130076F1C}.Release|Any CPU.Build.0 = Release|Any CPU
	EndGlobalSection
	GlobalSection(SolutionProperties) = preSolution
		HideSolutionNode = FALSE
	EndGlobalSection
	GlobalSection(NestedProjects) = preSolution
		{B3CE634B-320B-4607-9BF1-392864E9F706} = {20D14683-FFEE-409A-AA10-18CCA9B61192}
		{F9A9827A-DD97-448E-AF4C-1DC2855455A3} = {20D14683-FFEE-409A-AA10-18CCA9B61192}
		{F016CFF1-1B7A-4FC1-8167-BF09B6880509} = {16DB54F8-E226-47EB-9229-CA8F34396232}
		{4B88264B-554D-465D-BAE2-78E8A43887A1} = {16DB54F8-E226-47EB-9229-CA8F34396232}
		{84F1D7E1-C4BB-4877-BE43-30897B850EA8} = {16DB54F8-E226-47EB-9229-CA8F34396232}
		{D330B8A6-426F-4347-89CB-E959F4A17264} = {84F1D7E1-C4BB-4877-BE43-30897B850EA8}
		{B7A01259-99F3-4F42-BAE2-62176D7B0490} = {86AC0F17-8533-43BE-823D-ED59231CEE39}
		{7B7E4099-C478-40AC-A305-D9F3BA334822} = {84F1D7E1-C4BB-4877-BE43-30897B850EA8}
		{86AC0F17-8533-43BE-823D-ED59231CEE39} = {16DB54F8-E226-47EB-9229-CA8F34396232}
		{32EE081F-4B02-4BA5-B653-75E7E95FAAB0} = {3F999A12-ADD0-464F-9D92-F51DF9D2D255}
		{2EF0A86C-E169-4B1E-8C82-F19B36E8F3DF} = {3F999A12-ADD0-464F-9D92-F51DF9D2D255}
		{B22C1938-9B06-4A8B-9CE7-AB0BB0257282} = {F0FEBCD2-3313-4669-8B1E-CC44B31FDC48}
		{2B0CD615-4EE8-4B90-8023-D1FB127E1277} = {F0FEBCD2-3313-4669-8B1E-CC44B31FDC48}
		{EB6F1DC6-030C-4527-877E-73D430C60FF4} = {2D1821E6-44B9-47CE-9B75-2EA63B821100}
		{B53096FB-20BF-4006-859F-30D8282EF983} = {6D52368F-1619-4285-87C5-8DE558E7F668}
		{0462040E-559F-4B03-B830-FCCD3D03A8DB} = {6D52368F-1619-4285-87C5-8DE558E7F668}
		{066A6F91-1C87-43F1-A9FC-2A86B01346EE} = {42614802-DEE0-4A71-BF09-FD40773085B3}
		{448BD1A9-8EF2-48D7-8233-CC7130076F1C} = {42614802-DEE0-4A71-BF09-FD40773085B3}
	EndGlobalSection
	GlobalSection(ExtensibilityGlobals) = postSolution
		SolutionGuid = {88B40F94-B3DF-43FD-92C7-DD1033ED35F5}
	EndGlobalSection
EndGlobal
